
Microsoft Visual Studio Solution File, Format Version 12.00
# Visual Studio Version 17
VisualStudioVersion = 17.14.36310.24 d17.14
MinimumVisualStudioVersion = 10.0.40219.1
Project("{FAE04EC0-301F-11D3-BF4B-00C04F79EFBC}") = "Entity", "Entity\Entity.csproj", "{AF74DE32-5706-4142-9EAD-8B0DCD2A8A47}"
EndProject
Project("{FAE04EC0-301F-11D3-BF4B-00C04F79EFBC}") = "DataAccessLayer", "DataAccessLayer\DataAccessLayer.csproj", "{E5446DBE-24E6-44EA-AA68-7354CF64511F}"
EndProject
Project("{FAE04EC0-301F-11D3-BF4B-00C04F79EFBC}") = "BusinessLayer", "BusinessLayer\BusinessLayer.csproj", "{2CF76F55-447B-487D-ABF0-C6CCD0F2FAF4}"
EndProject
Project("{FAE04EC0-301F-11D3-BF4B-00C04F79EFBC}") = "DataTransferObject", "DataTransferObject\DataTransferObject.csproj", "{FD984CEC-79FC-4A37-921E-548F235A67B7}"
EndProject
Project("{FAE04EC0-301F-11D3-BF4B-00C04F79EFBC}") = "WebAPI", "WebAPI\WebAPI.csproj", "{D95B93FD-5EEE-4480-8C62-8CA10FAAAF71}"
EndProject
Project("{FAE04EC0-301F-11D3-BF4B-00C04F79EFBC}") = "Core", "Core\Core.csproj", "{8CDD6649-3770-4C3E-BCEA-AC40E3F81A8F}"
EndProject
Global
	GlobalSection(SolutionConfigurationPlatforms) = preSolution
		Debug|Any CPU = Debug|Any CPU
		Release|Any CPU = Release|Any CPU
	EndGlobalSection
	GlobalSection(ProjectConfigurationPlatforms) = postSolution
		{AF74DE32-5706-4142-9EAD-8B0DCD2A8A47}.Debug|Any CPU.ActiveCfg = Debug|Any CPU
		{AF74DE32-5706-4142-9EAD-8B0DCD2A8A47}.Debug|Any CPU.Build.0 = Debug|Any CPU
		{AF74DE32-5706-4142-9EAD-8B0DCD2A8A47}.Release|Any CPU.ActiveCfg = Release|Any CPU
		{AF74DE32-5706-4142-9EAD-8B0DCD2A8A47}.Release|Any CPU.Build.0 = Release|Any CPU
		{E5446DBE-24E6-44EA-AA68-7354CF64511F}.Debug|Any CPU.ActiveCfg = Debug|Any CPU
		{E5446DBE-24E6-44EA-AA68-7354CF64511F}.Debug|Any CPU.Build.0 = Debug|Any CPU
		{E5446DBE-24E6-44EA-AA68-7354CF64511F}.Release|Any CPU.ActiveCfg = Release|Any CPU
		{E5446DBE-24E6-44EA-AA68-7354CF64511F}.Release|Any CPU.Build.0 = Release|Any CPU
		{2CF76F55-447B-487D-ABF0-C6CCD0F2FAF4}.Debug|Any CPU.ActiveCfg = Debug|Any CPU
		{2CF76F55-447B-487D-ABF0-C6CCD0F2FAF4}.Debug|Any CPU.Build.0 = Debug|Any CPU
		{2CF76F55-447B-487D-ABF0-C6CCD0F2FAF4}.Release|Any CPU.ActiveCfg = Release|Any CPU
		{2CF76F55-447B-487D-ABF0-C6CCD0F2FAF4}.Release|Any CPU.Build.0 = Release|Any CPU
		{FD984CEC-79FC-4A37-921E-548F235A67B7}.Debug|Any CPU.ActiveCfg = Debug|Any CPU
		{FD984CEC-79FC-4A37-921E-548F235A67B7}.Debug|Any CPU.Build.0 = Debug|Any CPU
		{FD984CEC-79FC-4A37-921E-548F235A67B7}.Release|Any CPU.ActiveCfg = Release|Any CPU
		{FD984CEC-79FC-4A37-921E-548F235A67B7}.Release|Any CPU.Build.0 = Release|Any CPU
		{D95B93FD-5EEE-4480-8C62-8CA10FAAAF71}.Debug|Any CPU.ActiveCfg = Debug|Any CPU
		{D95B93FD-5EEE-4480-8C62-8CA10FAAAF71}.Debug|Any CPU.Build.0 = Debug|Any CPU
		{D95B93FD-5EEE-4480-8C62-8CA10FAAAF71}.Release|Any CPU.ActiveCfg = Release|Any CPU
		{D95B93FD-5EEE-4480-8C62-8CA10FAAAF71}.Release|Any CPU.Build.0 = Release|Any CPU
		{8CDD6649-3770-4C3E-BCEA-AC40E3F81A8F}.Debug|Any CPU.ActiveCfg = Debug|Any CPU
		{8CDD6649-3770-4C3E-BCEA-AC40E3F81A8F}.Debug|Any CPU.Build.0 = Debug|Any CPU
		{8CDD6649-3770-4C3E-BCEA-AC40E3F81A8F}.Release|Any CPU.ActiveCfg = Release|Any CPU
		{8CDD6649-3770-4C3E-BCEA-AC40E3F81A8F}.Release|Any CPU.Build.0 = Release|Any CPU
	EndGlobalSection
	GlobalSection(SolutionProperties) = preSolution
		HideSolutionNode = FALSE
	EndGlobalSection
	GlobalSection(ExtensibilityGlobals) = postSolution
		SolutionGuid = {7F56DA89-CDAD-4DC5-AB3E-51692533FAF1}
	EndGlobalSection
EndGlobal
